
Microsoft Visual Studio Solution File, Format Version 12.00
# Visual Studio Version 16
VisualStudioVersion = 16.0.34301.259
MinimumVisualStudioVersion = 10.0.40219.1
Project("{FAE04EC0-301F-11D3-BF4B-00C04F79EFBC}") = "try-catch", "try-catch\try-catch.csproj", "{F4C93948-DBC8-442E-A00A-C2019F41672B}"
EndProject
Global
	GlobalSection(SolutionConfigurationPlatforms) = preSolution
		Debug|Any CPU = Debug|Any CPU
		Release|Any CPU = Release|Any CPU
	EndGlobalSection
	GlobalSection(ProjectConfigurationPlatforms) = postSolution
		{F4C93948-DBC8-442E-A00A-C2019F41672B}.Debug|Any CPU.ActiveCfg = Debug|Any CPU
		{F4C93948-DBC8-442E-A00A-C2019F41672B}.Debug|Any CPU.Build.0 = Debug|Any CPU
		{F4C93948-DBC8-442E-A00A-C2019F41672B}.Release|Any CPU.ActiveCfg = Release|Any CPU
		{F4C93948-DBC8-442E-A00A-C2019F41672B}.Release|Any CPU.Build.0 = Release|Any CPU
	EndGlobalSection
	GlobalSection(SolutionProperties) = preSolution
		HideSolutionNode = FALSE
	EndGlobalSection
	GlobalSection(ExtensibilityGlobals) = postSolution
		SolutionGuid = {45677220-2FD8-40A8-B45E-623431ECFE2C}
	EndGlobalSection
EndGlobal
