
Microsoft Visual Studio Solution File, Format Version 12.00
# Visual Studio Version 16
VisualStudioVersion = 16.0.34301.259
MinimumVisualStudioVersion = 10.0.40219.1
Project("{FAE04EC0-301F-11D3-BF4B-00C04F79EFBC}") = "if-statement", "if-statement\if-statement.csproj", "{F28F66C6-F9E9-4BD4-AC95-DF455823A12B}"
EndProject
Global
	GlobalSection(SolutionConfigurationPlatforms) = preSolution
		Debug|Any CPU = Debug|Any CPU
		Release|Any CPU = Release|Any CPU
	EndGlobalSection
	GlobalSection(ProjectConfigurationPlatforms) = postSolution
		{F28F66C6-F9E9-4BD4-AC95-DF455823A12B}.Debug|Any CPU.ActiveCfg = Debug|Any CPU
		{F28F66C6-F9E9-4BD4-AC95-DF455823A12B}.Debug|Any CPU.Build.0 = Debug|Any CPU
		{F28F66C6-F9E9-4BD4-AC95-DF455823A12B}.Release|Any CPU.ActiveCfg = Release|Any CPU
		{F28F66C6-F9E9-4BD4-AC95-DF455823A12B}.Release|Any CPU.Build.0 = Release|Any CPU
	EndGlobalSection
	GlobalSection(SolutionProperties) = preSolution
		HideSolutionNode = FALSE
	EndGlobalSection
	GlobalSection(ExtensibilityGlobals) = postSolution
		SolutionGuid = {55D7B811-8A54-4CB9-8644-89143828E82E}
	EndGlobalSection
EndGlobal
