
Microsoft Visual Studio Solution File, Format Version 12.00
# Visual Studio Version 16
VisualStudioVersion = 16.0.34301.259
MinimumVisualStudioVersion = 10.0.40219.1
Project("{FAE04EC0-301F-11D3-BF4B-00C04F79EFBC}") = "loops", "loops\loops.csproj", "{02E1F227-2063-4ED3-9C6E-2BFA6CA7373B}"
EndProject
Global
	GlobalSection(SolutionConfigurationPlatforms) = preSolution
		Debug|Any CPU = Debug|Any CPU
		Release|Any CPU = Release|Any CPU
	EndGlobalSection
	GlobalSection(ProjectConfigurationPlatforms) = postSolution
		{02E1F227-2063-4ED3-9C6E-2BFA6CA7373B}.Debug|Any CPU.ActiveCfg = Debug|Any CPU
		{02E1F227-2063-4ED3-9C6E-2BFA6CA7373B}.Debug|Any CPU.Build.0 = Debug|Any CPU
		{02E1F227-2063-4ED3-9C6E-2BFA6CA7373B}.Release|Any CPU.ActiveCfg = Release|Any CPU
		{02E1F227-2063-4ED3-9C6E-2BFA6CA7373B}.Release|Any CPU.Build.0 = Release|Any CPU
	EndGlobalSection
	GlobalSection(SolutionProperties) = preSolution
		HideSolutionNode = FALSE
	EndGlobalSection
	GlobalSection(ExtensibilityGlobals) = postSolution
		SolutionGuid = {1FB30B33-42A8-49D5-B565-548F51666B7E}
	EndGlobalSection
EndGlobal
