
Microsoft Visual Studio Solution File, Format Version 12.00
# Visual Studio Version 16
VisualStudioVersion = 16.0.34301.259
MinimumVisualStudioVersion = 10.0.40219.1
Project("{FAE04EC0-301F-11D3-BF4B-00C04F79EFBC}") = "multi-dimensional-array", "multi-dimensional-array\multi-dimensional-array.csproj", "{AA992B29-6787-472B-B437-236899DED4E7}"
EndProject
Global
	GlobalSection(SolutionConfigurationPlatforms) = preSolution
		Debug|Any CPU = Debug|Any CPU
		Release|Any CPU = Release|Any CPU
	EndGlobalSection
	GlobalSection(ProjectConfigurationPlatforms) = postSolution
		{AA992B29-6787-472B-B437-236899DED4E7}.Debug|Any CPU.ActiveCfg = Debug|Any CPU
		{AA992B29-6787-472B-B437-236899DED4E7}.Debug|Any CPU.Build.0 = Debug|Any CPU
		{AA992B29-6787-472B-B437-236899DED4E7}.Release|Any CPU.ActiveCfg = Release|Any CPU
		{AA992B29-6787-472B-B437-236899DED4E7}.Release|Any CPU.Build.0 = Release|Any CPU
	EndGlobalSection
	GlobalSection(SolutionProperties) = preSolution
		HideSolutionNode = FALSE
	EndGlobalSection
	GlobalSection(ExtensibilityGlobals) = postSolution
		SolutionGuid = {7D24314C-0A2C-4E1F-A6D5-864B865E2457}
	EndGlobalSection
EndGlobal
