
Microsoft Visual Studio Solution File, Format Version 12.00
# Visual Studio Version 16
VisualStudioVersion = 16.0.34301.259
MinimumVisualStudioVersion = 10.0.40219.1
Project("{FAE04EC0-301F-11D3-BF4B-00C04F79EFBC}") = "continue-statement", "continue-statement\continue-statement.csproj", "{537A3D05-2C4B-4A6C-A4D2-F67DA2C07ADD}"
EndProject
Global
	GlobalSection(SolutionConfigurationPlatforms) = preSolution
		Debug|Any CPU = Debug|Any CPU
		Release|Any CPU = Release|Any CPU
	EndGlobalSection
	GlobalSection(ProjectConfigurationPlatforms) = postSolution
		{537A3D05-2C4B-4A6C-A4D2-F67DA2C07ADD}.Debug|Any CPU.ActiveCfg = Debug|Any CPU
		{537A3D05-2C4B-4A6C-A4D2-F67DA2C07ADD}.Debug|Any CPU.Build.0 = Debug|Any CPU
		{537A3D05-2C4B-4A6C-A4D2-F67DA2C07ADD}.Release|Any CPU.ActiveCfg = Release|Any CPU
		{537A3D05-2C4B-4A6C-A4D2-F67DA2C07ADD}.Release|Any CPU.Build.0 = Release|Any CPU
	EndGlobalSection
	GlobalSection(SolutionProperties) = preSolution
		HideSolutionNode = FALSE
	EndGlobalSection
	GlobalSection(ExtensibilityGlobals) = postSolution
		SolutionGuid = {C67B10E7-52F3-4B58-A38C-524DF3500A22}
	EndGlobalSection
EndGlobal
